# THIS IS AN AUTOGENERATED FILE. DO NOT EDIT THIS FILE DIRECTLY.
# yarn lockfile v1


"@types/prop-types@*":
  version "15.5.6"
  resolved "https://registry.yarnpkg.com/@types/prop-types/-/prop-types-15.5.6.tgz#9c03d3fed70a8d517c191b7734da2879b50ca26c"
  integrity sha512-ZBFR7TROLVzCkswA3Fmqq+IIJt62/T7aY/Dmz+QkU7CaW2QFqAitCE8Ups7IzmGhcN1YWMBT4Qcoc07jU9hOJQ==

"@types/react@^16.4.18":
  version "16.4.18"
  resolved "https://registry.yarnpkg.com/@types/react/-/react-16.4.18.tgz#2e28a2e7f92d3fa7d6a65f2b73275c3e3138a13d"
  integrity sha512-eFzJKEg6pdeaukVLVZ8Xb79CTl/ysX+ExmOfAAqcFlCCK5TgFDD9kWR0S18sglQ3EmM8U+80enjUqbfnUyqpdA==
  dependencies:
    "@types/prop-types" "*"
    csstype "^2.2.0"

csstype@^2.2.0:
  version "2.5.3"
  resolved "https://registry.yarnpkg.com/csstype/-/csstype-2.5.3.tgz#2504152e6e1cc59b32098b7f5d6a63f16294c1f7"

prettier@^1.14.3:
  version "1.14.3"
  resolved "https://registry.yarnpkg.com/prettier/-/prettier-1.14.3.tgz#90238dd4c0684b7edce5f83b0fb7328e48bd0895"
  integrity sha512-qZDVnCrnpsRJJq5nSsiHCE3BYMED2OtsI+cmzIzF1QIfqm5ALf8tEJcO27zV1gKNKRPdhjO0dNWnrzssDQ1tFg==

rxjs@^6.3.3:
  version "6.3.3"
  resolved "https://registry.yarnpkg.com/rxjs/-/rxjs-6.3.3.tgz#3c6a7fa420e844a81390fb1158a9ec614f4bad55"
  integrity sha512-JTWmoY9tWCs7zvIk/CvRjhjGaOd+OVBM987mxFo+OW66cGpdKjZcpmc74ES1sB//7Kl/PAe8+wEakuhG4pcgOw==
  dependencies:
    tslib "^1.9.0"

tslib@^1.9.0:
  version "1.9.2"
  resolved "https://registry.yarnpkg.com/tslib/-/tslib-1.9.2.tgz#8be0cc9a1f6dc7727c38deb16c2ebd1a2892988e"

typescript@^3.1.6:
  version "3.1.6"
  resolved "https://registry.yarnpkg.com/typescript/-/typescript-3.1.6.tgz#b6543a83cfc8c2befb3f4c8fba6896f5b0c9be68"
  integrity sha512-tDMYfVtvpb96msS1lDX9MEdHrW4yOuZ4Kdc4Him9oU796XldPYF/t2+uKoX0BBa0hXXwDlqYQbXY5Rzjzc5hBA==
