# THIS IS AN AUTOGENERATED FILE. DO NOT EDIT THIS FILE DIRECTLY.
# yarn lockfile v1


"@types/react@^16.3.17":
  version "16.3.18"
  resolved "https://registry.yarnpkg.com/@types/react/-/react-16.3.18.tgz#bf195aed4d77dc86f06e4c9bb760214a3b822b8d"
  dependencies:
    csstype "^2.2.0"

csstype@^2.2.0:
  version "2.5.3"
  resolved "https://registry.yarnpkg.com/csstype/-/csstype-2.5.3.tgz#2504152e6e1cc59b32098b7f5d6a63f16294c1f7"

prettier@^1.13.5:
  version "1.13.5"
  resolved "https://registry.yarnpkg.com/prettier/-/prettier-1.13.5.tgz#7ae2076998c8edce79d63834e9b7b09fead6bfd0"

rxjs@^6.2.1:
  version "6.2.1"
  resolved "https://registry.yarnpkg.com/rxjs/-/rxjs-6.2.1.tgz#246cebec189a6cbc143a3ef9f62d6f4c91813ca1"
  dependencies:
    tslib "^1.9.0"

tslib@^1.9.0:
  version "1.9.2"
  resolved "https://registry.yarnpkg.com/tslib/-/tslib-1.9.2.tgz#8be0cc9a1f6dc7727c38deb16c2ebd1a2892988e"

typescript@^2.9.1:
  version "2.9.2"
  resolved "https://registry.yarnpkg.com/typescript/-/typescript-2.9.2.tgz#1cbf61d05d6b96269244eb6a3bce4bd914e0f00c"
